
Microsoft Visual Studio Solution File, Format Version 12.00
# Visual Studio 15
VisualStudioVersion = 15.0.25914.0
MinimumVisualStudioVersion = 10.0.40219.1
Project("{FAE04EC0-301F-11D3-BF4B-00C04F79EFBC}") = "ConsoleFollower", "ConsoleFollower\ConsoleFollower.csproj", "{4473E043-0D52-4F30-A38A-2313EF0B6911}"
EndProject
Project("{FAE04EC0-301F-11D3-BF4B-00C04F79EFBC}") = "GuruLoader", "GuruLoader\GuruLoader.csproj", "{0678E339-6875-4E76-935D-71011E0C4FB9}"
EndProject
Project("{FAE04EC0-301F-11D3-BF4B-00C04F79EFBC}") = "GuruLoaderTests", "GuruLoaderTests\GuruLoaderTests.csproj", "{C5CC527C-53D1-48AD-85B3-868D14C58008}"
EndProject
Global
	GlobalSection(SolutionConfigurationPlatforms) = preSolution
		Debug|Any CPU = Debug|Any CPU
		Release|Any CPU = Release|Any CPU
	EndGlobalSection
	GlobalSection(ProjectConfigurationPlatforms) = postSolution
		{4473E043-0D52-4F30-A38A-2313EF0B6911}.Debug|Any CPU.ActiveCfg = Debug|Any CPU
		{4473E043-0D52-4F30-A38A-2313EF0B6911}.Debug|Any CPU.Build.0 = Debug|Any CPU
		{4473E043-0D52-4F30-A38A-2313EF0B6911}.Release|Any CPU.ActiveCfg = Release|Any CPU
		{4473E043-0D52-4F30-A38A-2313EF0B6911}.Release|Any CPU.Build.0 = Release|Any CPU
		{0678E339-6875-4E76-935D-71011E0C4FB9}.Debug|Any CPU.ActiveCfg = Debug|Any CPU
		{0678E339-6875-4E76-935D-71011E0C4FB9}.Debug|Any CPU.Build.0 = Debug|Any CPU
		{0678E339-6875-4E76-935D-71011E0C4FB9}.Release|Any CPU.ActiveCfg = Release|Any CPU
		{0678E339-6875-4E76-935D-71011E0C4FB9}.Release|Any CPU.Build.0 = Release|Any CPU
		{C5CC527C-53D1-48AD-85B3-868D14C58008}.Debug|Any CPU.ActiveCfg = Debug|Any CPU
		{C5CC527C-53D1-48AD-85B3-868D14C58008}.Debug|Any CPU.Build.0 = Debug|Any CPU
		{C5CC527C-53D1-48AD-85B3-868D14C58008}.Release|Any CPU.ActiveCfg = Release|Any CPU
		{C5CC527C-53D1-48AD-85B3-868D14C58008}.Release|Any CPU.Build.0 = Release|Any CPU
	EndGlobalSection
	GlobalSection(SolutionProperties) = preSolution
		HideSolutionNode = FALSE
	EndGlobalSection
EndGlobal
